
Microsoft Visual Studio Solution File, Format Version 12.00
# Visual Studio Version 17
VisualStudioVersion = 17.8.34322.80
MinimumVisualStudioVersion = 10.0.40219.1
Project("{FAE04EC0-301F-11D3-BF4B-00C04F79EFBC}") = "siraliDiziyiBirlestir", "siraliDiziyiBirlestir\siraliDiziyiBirlestir.csproj", "{A8F8F76E-3619-4240-A59D-384D7663675F}"
EndProject
Global
	GlobalSection(SolutionConfigurationPlatforms) = preSolution
		Debug|Any CPU = Debug|Any CPU
		Release|Any CPU = Release|Any CPU
	EndGlobalSection
	GlobalSection(ProjectConfigurationPlatforms) = postSolution
		{A8F8F76E-3619-4240-A59D-384D7663675F}.Debug|Any CPU.ActiveCfg = Debug|Any CPU
		{A8F8F76E-3619-4240-A59D-384D7663675F}.Debug|Any CPU.Build.0 = Debug|Any CPU
		{A8F8F76E-3619-4240-A59D-384D7663675F}.Release|Any CPU.ActiveCfg = Release|Any CPU
		{A8F8F76E-3619-4240-A59D-384D7663675F}.Release|Any CPU.Build.0 = Release|Any CPU
	EndGlobalSection
	GlobalSection(SolutionProperties) = preSolution
		HideSolutionNode = FALSE
	EndGlobalSection
	GlobalSection(ExtensibilityGlobals) = postSolution
		SolutionGuid = {662C8E91-4D41-43A1-A136-C68A4432FBD6}
	EndGlobalSection
EndGlobal
